
Microsoft Visual Studio Solution File, Format Version 12.00
# Visual Studio Version 17
VisualStudioVersion = 17.10.35122.118
MinimumVisualStudioVersion = 10.0.40219.1
Project("{9A19103F-16F7-4668-BE54-9A1E7A4F7556}") = "WebApplication1", "WebApplication1\WebApplication1.csproj", "{5216C2CE-B77C-422A-9AB5-9543AEBD99D6}"
EndProject
Project("{E53339B2-1760-4266-BCC7-CA923CBCF16C}") = "docker-compose", "docker-compose.dcproj", "{BCE079E4-897B-429F-A5D0-329687C39DAB}"
EndProject
Global
	GlobalSection(SolutionConfigurationPlatforms) = preSolution
		Debug|Any CPU = Debug|Any CPU
		Release|Any CPU = Release|Any CPU
	EndGlobalSection
	GlobalSection(ProjectConfigurationPlatforms) = postSolution
		{5216C2CE-B77C-422A-9AB5-9543AEBD99D6}.Debug|Any CPU.ActiveCfg = Debug|Any CPU
		{5216C2CE-B77C-422A-9AB5-9543AEBD99D6}.Debug|Any CPU.Build.0 = Debug|Any CPU
		{5216C2CE-B77C-422A-9AB5-9543AEBD99D6}.Release|Any CPU.ActiveCfg = Release|Any CPU
		{5216C2CE-B77C-422A-9AB5-9543AEBD99D6}.Release|Any CPU.Build.0 = Release|Any CPU
		{BCE079E4-897B-429F-A5D0-329687C39DAB}.Debug|Any CPU.ActiveCfg = Debug|Any CPU
		{BCE079E4-897B-429F-A5D0-329687C39DAB}.Debug|Any CPU.Build.0 = Debug|Any CPU
		{BCE079E4-897B-429F-A5D0-329687C39DAB}.Release|Any CPU.ActiveCfg = Release|Any CPU
		{BCE079E4-897B-429F-A5D0-329687C39DAB}.Release|Any CPU.Build.0 = Release|Any CPU
	EndGlobalSection
	GlobalSection(SolutionProperties) = preSolution
		HideSolutionNode = FALSE
	EndGlobalSection
	GlobalSection(ExtensibilityGlobals) = postSolution
		SolutionGuid = {4DBF7289-D0B5-4ADC-8EBA-2FF0E352760D}
	EndGlobalSection
EndGlobal
