
Microsoft Visual Studio Solution File, Format Version 12.00
# Visual Studio Version 17
VisualStudioVersion = 17.5.002.0
MinimumVisualStudioVersion = 10.0.40219.1
Project("{9A19103F-16F7-4668-BE54-9A1E7A4F7556}") = "WebApplication1", "WebApplication1.csproj", "{699115C0-6FD1-4FFB-AA82-A0DD403F24B7}"
EndProject
Global
	GlobalSection(SolutionConfigurationPlatforms) = preSolution
		Debug|Any CPU = Debug|Any CPU
		Release|Any CPU = Release|Any CPU
	EndGlobalSection
	GlobalSection(ProjectConfigurationPlatforms) = postSolution
		{699115C0-6FD1-4FFB-AA82-A0DD403F24B7}.Debug|Any CPU.ActiveCfg = Debug|Any CPU
		{699115C0-6FD1-4FFB-AA82-A0DD403F24B7}.Debug|Any CPU.Build.0 = Debug|Any CPU
		{699115C0-6FD1-4FFB-AA82-A0DD403F24B7}.Release|Any CPU.ActiveCfg = Release|Any CPU
		{699115C0-6FD1-4FFB-AA82-A0DD403F24B7}.Release|Any CPU.Build.0 = Release|Any CPU
	EndGlobalSection
	GlobalSection(SolutionProperties) = preSolution
		HideSolutionNode = FALSE
	EndGlobalSection
	GlobalSection(ExtensibilityGlobals) = postSolution
		SolutionGuid = {9E6BB0EF-8127-4E25-952B-CA23C24FD1FE}
	EndGlobalSection
EndGlobal
